
Microsoft Visual Studio Solution File, Format Version 12.00
# Visual Studio 14
VisualStudioVersion = 14.0.25420.1
MinimumVisualStudioVersion = 10.0.40219.1
Project("{FAE04EC0-301F-11D3-BF4B-00C04F79EFBC}") = "Sample.Tasks.Domain", "Sample.Tasks.Domain\Sample.Tasks.Domain.csproj", "{6EE472CB-BDB7-49D7-A1F0-29E420B9298B}"
EndProject
Project("{FAE04EC0-301F-11D3-BF4B-00C04F79EFBC}") = "Sample.Tasks.Domain.Tests", "Sample.Tasks.Domain.Tests\Sample.Tasks.Domain.Tests.csproj", "{7E15D0D1-987C-456C-B2AA-ADE10F06514B}"
EndProject
Project("{FAE04EC0-301F-11D3-BF4B-00C04F79EFBC}") = "Sample.Tasks.Web", "Sample.Tasks.Web\Sample.Tasks.Web.csproj", "{F12C71F9-5B9F-4620-AB6E-6930FC5A204D}"
EndProject
Project("{FAE04EC0-301F-11D3-BF4B-00C04F79EFBC}") = "Sample.Tasks.Desktop", "Sample.Tasks.Desktop\Sample.Tasks.Desktop.csproj", "{59F07EC5-5089-4ABD-ABA3-4FC82096D89F}"
EndProject
Project("{FAE04EC0-301F-11D3-BF4B-00C04F79EFBC}") = "Sample.Tasks.Console", "Sample.Tasks.Console\Sample.Tasks.Console.csproj", "{C0BE30CC-4A17-4F77-9D35-667351A7F2B0}"
EndProject
Global
	GlobalSection(SolutionConfigurationPlatforms) = preSolution
		Debug|Any CPU = Debug|Any CPU
		Release|Any CPU = Release|Any CPU
	EndGlobalSection
	GlobalSection(ProjectConfigurationPlatforms) = postSolution
		{6EE472CB-BDB7-49D7-A1F0-29E420B9298B}.Debug|Any CPU.ActiveCfg = Debug|Any CPU
		{6EE472CB-BDB7-49D7-A1F0-29E420B9298B}.Debug|Any CPU.Build.0 = Debug|Any CPU
		{6EE472CB-BDB7-49D7-A1F0-29E420B9298B}.Release|Any CPU.ActiveCfg = Release|Any CPU
		{6EE472CB-BDB7-49D7-A1F0-29E420B9298B}.Release|Any CPU.Build.0 = Release|Any CPU
		{7E15D0D1-987C-456C-B2AA-ADE10F06514B}.Debug|Any CPU.ActiveCfg = Debug|Any CPU
		{7E15D0D1-987C-456C-B2AA-ADE10F06514B}.Debug|Any CPU.Build.0 = Debug|Any CPU
		{7E15D0D1-987C-456C-B2AA-ADE10F06514B}.Release|Any CPU.ActiveCfg = Release|Any CPU
		{7E15D0D1-987C-456C-B2AA-ADE10F06514B}.Release|Any CPU.Build.0 = Release|Any CPU
		{F12C71F9-5B9F-4620-AB6E-6930FC5A204D}.Debug|Any CPU.ActiveCfg = Debug|Any CPU
		{F12C71F9-5B9F-4620-AB6E-6930FC5A204D}.Debug|Any CPU.Build.0 = Debug|Any CPU
		{F12C71F9-5B9F-4620-AB6E-6930FC5A204D}.Release|Any CPU.ActiveCfg = Release|Any CPU
		{F12C71F9-5B9F-4620-AB6E-6930FC5A204D}.Release|Any CPU.Build.0 = Release|Any CPU
		{59F07EC5-5089-4ABD-ABA3-4FC82096D89F}.Debug|Any CPU.ActiveCfg = Debug|Any CPU
		{59F07EC5-5089-4ABD-ABA3-4FC82096D89F}.Debug|Any CPU.Build.0 = Debug|Any CPU
		{59F07EC5-5089-4ABD-ABA3-4FC82096D89F}.Release|Any CPU.ActiveCfg = Release|Any CPU
		{59F07EC5-5089-4ABD-ABA3-4FC82096D89F}.Release|Any CPU.Build.0 = Release|Any CPU
		{C0BE30CC-4A17-4F77-9D35-667351A7F2B0}.Debug|Any CPU.ActiveCfg = Debug|Any CPU
		{C0BE30CC-4A17-4F77-9D35-667351A7F2B0}.Debug|Any CPU.Build.0 = Debug|Any CPU
		{C0BE30CC-4A17-4F77-9D35-667351A7F2B0}.Release|Any CPU.ActiveCfg = Release|Any CPU
		{C0BE30CC-4A17-4F77-9D35-667351A7F2B0}.Release|Any CPU.Build.0 = Release|Any CPU
	EndGlobalSection
	GlobalSection(SolutionProperties) = preSolution
		HideSolutionNode = FALSE
	EndGlobalSection
EndGlobal
